
Microsoft Visual Studio Solution File, Format Version 12.00
# Visual Studio Version 16
VisualStudioVersion = 16.0.31702.278
MinimumVisualStudioVersion = 10.0.40219.1
Project("{FAE04EC0-301F-11D3-BF4B-00C04F79EFBC}") = "winFormWeb", "winFormWeb\winFormWeb.csproj", "{BC849611-3158-4861-B27B-3421CE16B90C}"
EndProject
Global
	GlobalSection(SolutionConfigurationPlatforms) = preSolution
		Debug|Any CPU = Debug|Any CPU
		Release|Any CPU = Release|Any CPU
	EndGlobalSection
	GlobalSection(ProjectConfigurationPlatforms) = postSolution
		{BC849611-3158-4861-B27B-3421CE16B90C}.Debug|Any CPU.ActiveCfg = Debug|Any CPU
		{BC849611-3158-4861-B27B-3421CE16B90C}.Debug|Any CPU.Build.0 = Debug|Any CPU
		{BC849611-3158-4861-B27B-3421CE16B90C}.Release|Any CPU.ActiveCfg = Release|Any CPU
		{BC849611-3158-4861-B27B-3421CE16B90C}.Release|Any CPU.Build.0 = Release|Any CPU
	EndGlobalSection
	GlobalSection(SolutionProperties) = preSolution
		HideSolutionNode = FALSE
	EndGlobalSection
	GlobalSection(ExtensibilityGlobals) = postSolution
		SolutionGuid = {E82BD4DA-DCD1-4EC4-BC94-B5725C3B282A}
	EndGlobalSection
EndGlobal
